
Microsoft Visual Studio Solution File, Format Version 12.00
# Visual Studio Version 17
VisualStudioVersion = 17.10.35027.167
MinimumVisualStudioVersion = 10.0.40219.1
Project("{9A19103F-16F7-4668-BE54-9A1E7A4F7556}") = "Employees.Api", "src\Employees.Api\Employees.Api.csproj", "{0E134887-1E97-4615-B6B4-45E208A8A908}"
EndProject
Project("{9A19103F-16F7-4668-BE54-9A1E7A4F7556}") = "Employees.Application", "src\Employees.Application\Employees.Application.csproj", "{4ABA2FA9-46F5-4816-9403-859ADD79AFA3}"
EndProject
Project("{9A19103F-16F7-4668-BE54-9A1E7A4F7556}") = "Employees.Domain", "src\Employees.Domain\Employees.Domain.csproj", "{18E765CE-3542-4F37-BDB7-F78FF91351E9}"
EndProject
Project("{9A19103F-16F7-4668-BE54-9A1E7A4F7556}") = "Employees.Infrastructure", "src\Employees.Infrastructure\Employees.Infrastructure.csproj", "{58701DAE-5E61-41A0-A328-62F8E9002EEB}"
EndProject
Project("{9A19103F-16F7-4668-BE54-9A1E7A4F7556}") = "Employees.Application.Tests", "test\Employees.Application.Tests\Employees.Application.Tests.csproj", "{BD46C974-5A16-4224-993D-225C19B1EC02}"
EndProject
Global
	GlobalSection(SolutionConfigurationPlatforms) = preSolution
		Debug|Any CPU = Debug|Any CPU
		Release|Any CPU = Release|Any CPU
	EndGlobalSection
	GlobalSection(ProjectConfigurationPlatforms) = postSolution
		{0E134887-1E97-4615-B6B4-45E208A8A908}.Debug|Any CPU.ActiveCfg = Debug|Any CPU
		{0E134887-1E97-4615-B6B4-45E208A8A908}.Debug|Any CPU.Build.0 = Debug|Any CPU
		{0E134887-1E97-4615-B6B4-45E208A8A908}.Release|Any CPU.ActiveCfg = Release|Any CPU
		{0E134887-1E97-4615-B6B4-45E208A8A908}.Release|Any CPU.Build.0 = Release|Any CPU
		{4ABA2FA9-46F5-4816-9403-859ADD79AFA3}.Debug|Any CPU.ActiveCfg = Debug|Any CPU
		{4ABA2FA9-46F5-4816-9403-859ADD79AFA3}.Debug|Any CPU.Build.0 = Debug|Any CPU
		{4ABA2FA9-46F5-4816-9403-859ADD79AFA3}.Release|Any CPU.ActiveCfg = Release|Any CPU
		{4ABA2FA9-46F5-4816-9403-859ADD79AFA3}.Release|Any CPU.Build.0 = Release|Any CPU
		{18E765CE-3542-4F37-BDB7-F78FF91351E9}.Debug|Any CPU.ActiveCfg = Debug|Any CPU
		{18E765CE-3542-4F37-BDB7-F78FF91351E9}.Debug|Any CPU.Build.0 = Debug|Any CPU
		{18E765CE-3542-4F37-BDB7-F78FF91351E9}.Release|Any CPU.ActiveCfg = Release|Any CPU
		{18E765CE-3542-4F37-BDB7-F78FF91351E9}.Release|Any CPU.Build.0 = Release|Any CPU
		{58701DAE-5E61-41A0-A328-62F8E9002EEB}.Debug|Any CPU.ActiveCfg = Debug|Any CPU
		{58701DAE-5E61-41A0-A328-62F8E9002EEB}.Debug|Any CPU.Build.0 = Debug|Any CPU
		{58701DAE-5E61-41A0-A328-62F8E9002EEB}.Release|Any CPU.ActiveCfg = Release|Any CPU
		{58701DAE-5E61-41A0-A328-62F8E9002EEB}.Release|Any CPU.Build.0 = Release|Any CPU
		{BD46C974-5A16-4224-993D-225C19B1EC02}.Debug|Any CPU.ActiveCfg = Debug|Any CPU
		{BD46C974-5A16-4224-993D-225C19B1EC02}.Debug|Any CPU.Build.0 = Debug|Any CPU
		{BD46C974-5A16-4224-993D-225C19B1EC02}.Release|Any CPU.ActiveCfg = Release|Any CPU
		{BD46C974-5A16-4224-993D-225C19B1EC02}.Release|Any CPU.Build.0 = Release|Any CPU
	EndGlobalSection
	GlobalSection(SolutionProperties) = preSolution
		HideSolutionNode = FALSE
	EndGlobalSection
	GlobalSection(ExtensibilityGlobals) = postSolution
		SolutionGuid = {05E5B0E0-B42D-4559-B5D9-9ED40EA53B92}
	EndGlobalSection
EndGlobal
